<?xml version="1.0" encoding="utf-8"?>
<Project ToolsVersion="4.0" xmlns="http://schemas.microsoft.com/developer/msbuild/2003">
  <ItemGroup>
    <Filter Include="Source Files">
      <UniqueIdentifier>{4FC737F1-C7A5-4376-A066-2A32D752A2FF}</UniqueIdentifier>
      <Extensions>cpp;c;cc;cxx;def;odl;idl;hpj;bat;asm;asmx</Extensions>
    </Filter>
    <Filter Include="Header Files">
      <UniqueIdentifier>{93995380-89BD-4b04-88EB-625FBE52EBFB}</UniqueIdentifier>
      <Extensions>h;hh;hpp;hxx;hm;inl;inc;ipp;xsd</Extensions>
    </Filter>
    <Filter Include="Objects">
      <UniqueIdentifier>{754e5478-0fa7-4ef5-914d-442c2d13c688}</UniqueIdentifier>
    </Filter>
    <Filter Include="Physics">
      <UniqueIdentifier>{83b0fa4c-c9eb-4c80-9747-28200032d08f}</UniqueIdentifier>
    </Filter>
  </ItemGroup>
  <ItemGroup>
    <ClCompile Include="CSC3222.cpp">
      <Filter>Source Files</Filter>
    </ClCompile>
    <ClCompile Include="GameMap.cpp">
      <Filter>Source Files</Filter>
    </ClCompile>
    <ClCompile Include="SimObject.cpp">
      <Filter>Objects</Filter>
    </ClCompile>
    <ClCompile Include="GameSimsPhysics.cpp">
      <Filter>Physics</Filter>
    </ClCompile>
    <ClCompile Include="RigidBody.cpp">
      <Filter>Physics</Filter>
    </ClCompile>
    <ClCompile Include="CollisionVolume.cpp">
      <Filter>Physics</Filter>
    </ClCompile>
    <ClCompile Include="PlayerCharacter.cpp">
      <Filter>Objects</Filter>
    </ClCompile>
    <ClCompile Include="Fruit.cpp">
      <Filter>Objects</Filter>
    </ClCompile>
    <ClCompile Include="PixieDust.cpp">
      <Filter>Objects</Filter>
    </ClCompile>
    <ClCompile Include="Pixie.cpp">
      <Filter>Objects</Filter>
    </ClCompile>
    <ClCompile Include="Guard.cpp">
      <Filter>Objects</Filter>
    </ClCompile>
    <ClCompile Include="Froggo.cpp">
      <Filter>Objects</Filter>
    </ClCompile>
    <ClCompile Include="FruitWizardGame.cpp">
      <Filter>Source Files</Filter>
    </ClCompile>
    <ClCompile Include="Spell.cpp">
      <Filter>Objects</Filter>
    </ClCompile>
    <ClCompile Include="GameSimsRenderer.cpp">
      <Filter>Source Files</Filter>
    </ClCompile>
    <ClCompile Include="TextureManager.cpp">
      <Filter>Source Files</Filter>
    </ClCompile>
    <ClCompile Include="Circle.cpp">
      <Filter>Physics</Filter>
    </ClCompile>
    <ClCompile Include="Collision.cpp">
      <Filter>Physics</Filter>
    </ClCompile>
    <ClCompile Include="QuadTree.cpp">
      <Filter>Physics</Filter>
    </ClCompile>
    <ClCompile Include="Box.cpp">
      <Filter>Physics</Filter>
    </ClCompile>
  </ItemGroup>
  <ItemGroup>
    <ClInclude Include="Froggo.h">
      <Filter>Header Files</Filter>
    </ClInclude>
    <ClInclude Include="Fruit.h">
      <Filter>Header Files</Filter>
    </ClInclude>
    <ClInclude Include="Guard.h">
      <Filter>Header Files</Filter>
    </ClInclude>
    <ClInclude Include="Pixie.h">
      <Filter>Header Files</Filter>
    </ClInclude>
    <ClInclude Include="PixieDust.h">
      <Filter>Header Files</Filter>
    </ClInclude>
    <ClInclude Include="PlayerCharacter.h">
      <Filter>Header Files</Filter>
    </ClInclude>
    <ClInclude Include="SimObject.h">
      <Filter>Header Files</Filter>
    </ClInclude>
    <ClInclude Include="Spell.h">
      <Filter>Header Files</Filter>
    </ClInclude>
    <ClInclude Include="GameSimsRenderer.h">
      <Filter>Header Files</Filter>
    </ClInclude>
    <ClInclude Include="TextureManager.h">
      <Filter>Header Files</Filter>
    </ClInclude>
    <ClInclude Include="GameMap.h">
      <Filter>Header Files</Filter>
    </ClInclude>
    <ClInclude Include="FruitWizardGame.h">
      <Filter>Header Files</Filter>
    </ClInclude>
    <ClInclude Include="GameSimsPhysics.h">
      <Filter>Header Files</Filter>
    </ClInclude>
    <ClInclude Include="CollisionVolume.h">
      <Filter>Header Files</Filter>
    </ClInclude>
    <ClInclude Include="RigidBody.h">
      <Filter>Header Files</Filter>
    </ClInclude>
    <ClInclude Include="Circle.h">
      <Filter>Header Files</Filter>
    </ClInclude>
    <ClInclude Include="Collision.h">
      <Filter>Header Files</Filter>
    </ClInclude>
    <ClInclude Include="QuadTree.h">
      <Filter>Header Files</Filter>
    </ClInclude>
    <ClInclude Include="Box.h">
      <Filter>Header Files</Filter>
    </ClInclude>
  </ItemGroup>
</Project>